
Microsoft Visual Studio Solution File, Format Version 12.00
Project("{FAE04EC0-301F-11D3-BF4B-00C04F79EFBC}") = "day14_csharp", "day14_csharp.csproj", "{1C9F24C4-A7E2-4867-835F-675078435729}"
EndProject
Global
	GlobalSection(SolutionConfigurationPlatforms) = preSolution
		Debug|Any CPU = Debug|Any CPU
		Release|Any CPU = Release|Any CPU
	EndGlobalSection
	GlobalSection(ProjectConfigurationPlatforms) = postSolution
		{1C9F24C4-A7E2-4867-835F-675078435729}.Debug|Any CPU.ActiveCfg = Debug|Any CPU
		{1C9F24C4-A7E2-4867-835F-675078435729}.Debug|Any CPU.Build.0 = Debug|Any CPU
		{1C9F24C4-A7E2-4867-835F-675078435729}.Release|Any CPU.ActiveCfg = Release|Any CPU
		{1C9F24C4-A7E2-4867-835F-675078435729}.Release|Any CPU.Build.0 = Release|Any CPU
	EndGlobalSection
EndGlobal
